# THIS IS AN AUTOGENERATED FILE. DO NOT EDIT THIS FILE DIRECTLY.
# yarn lockfile v1


corepack@^0.35.0:
  version "0.35.0"
  resolved "https://registry.yarnpkg.com/corepack/-/corepack-0.35.0.tgz#558fd9245bb53f9cec2b5a5a37dc25ae4505c13d"
  integrity sha512-9BuIGHDFE7Zieor1CeRsvt7X7AJFEuJ6OnbSbsVprq83ChDFoBh1wP98NeUS9FT3ZwlzFllPElXcz/OiDf0YGw==
